<?xml version="1.0" encoding="utf-8"?>
<Project ToolsVersion="4.0" xmlns="http://schemas.microsoft.com/developer/msbuild/2003">
  <ItemGroup>
    <Filter Include="Source Files">
      <UniqueIdentifier>{4FC737F1-C7A5-4376-A066-2A32D752A2FF}</UniqueIdentifier>
      <Extensions>cpp;c;cc;cxx;def;odl;idl;hpj;bat;asm;asmx</Extensions>
    </Filter>
    <Filter Include="Shaders">
      <UniqueIdentifier>{12a47348-9a6e-404a-8d7e-2ffa91eb59f6}</UniqueIdentifier>
    </Filter>
    <Filter Include="Assets">
      <UniqueIdentifier>{beb167a5-5616-419d-b999-d07fa9852780}</UniqueIdentifier>
    </Filter>
    <Filter Include="Assets\Sprites">
      <UniqueIdentifier>{0fe490f9-2026-4707-a46e-711558f72711}</UniqueIdentifier>
    </Filter>
    <Filter Include="Assets\Models">
      <UniqueIdentifier>{71d76f03-2e96-46de-a11b-1054630657c2}</UniqueIdentifier>
    </Filter>
    <Filter Include="Assets\Sound">
      <UniqueIdentifier>{1e908b63-1c05-4a24-a85f-c92b2867d76d}</UniqueIdentifier>
    </Filter>
    <Filter Include="Header Files">
      <UniqueIdentifier>{309e482f-b7d9-42cf-a3e7-d5715f5037de}</UniqueIdentifier>
    </Filter>
  </ItemGroup>
  <ItemGroup>
    <None Include="Assets\Cube.gpmesh">
      <Filter>Assets\Models</Filter>
    </None>
    <None Include="Assets\Plane.gpmesh">
      <Filter>Assets\Models</Filter>
    </None>
    <None Include="Assets\RacingCar.gpmesh">
      <Filter>Assets\Models</Filter>
    </None>
    <None Include="Assets\Rifle.gpmesh">
      <Filter>Assets\Models</Filter>
    </None>
    <None Include="Assets\Sphere.gpmesh">
      <Filter>Assets\Models</Filter>
    </None>
    <None Include="Assets\Master Bank.bank">
      <Filter>Assets\Sound</Filter>
    </None>
    <None Include="Assets\Master Bank.strings.bank">
      <Filter>Assets\Sound</Filter>
    </None>
    <None Include="Shaders\BasicMesh.frag">
      <Filter>Shaders</Filter>
    </None>
    <None Include="Shaders\BasicMesh.vert">
      <Filter>Shaders</Filter>
    </None>
    <None Include="Shaders\Phong.frag">
      <Filter>Shaders</Filter>
    </None>
    <None Include="Shaders\Phong.vert">
      <Filter>Shaders</Filter>
    </None>
    <None Include="Shaders\Sprite.frag">
      <Filter>Shaders</Filter>
    </None>
    <None Include="Shaders\Sprite.vert">
      <Filter>Shaders</Filter>
    </None>
  </ItemGroup>
  <ItemGroup>
    <Image Include="Assets\Crosshair.png">
      <Filter>Assets\Sprites</Filter>
    </Image>
    <Image Include="Assets\Cube.png">
      <Filter>Assets\Sprites</Filter>
    </Image>
    <Image Include="Assets\Default.png">
      <Filter>Assets\Sprites</Filter>
    </Image>
    <Image Include="Assets\HealthBar.png">
      <Filter>Assets\Sprites</Filter>
    </Image>
    <Image Include="Assets\Plane.png">
      <Filter>Assets\Sprites</Filter>
    </Image>
    <Image Include="Assets\RacingCar.png">
      <Filter>Assets\Sprites</Filter>
    </Image>
    <Image Include="Assets\Radar.png">
      <Filter>Assets\Sprites</Filter>
    </Image>
    <Image Include="Assets\Rifle.png">
      <Filter>Assets\Sprites</Filter>
    </Image>
    <Image Include="Assets\Sphere.png">
      <Filter>Assets\Sprites</Filter>
    </Image>
  </ItemGroup>
  <ItemGroup>
    <ClInclude Include="Texture.hpp">
      <Filter>Header Files</Filter>
    </ClInclude>
    <ClInclude Include="VertexArray.hpp">
      <Filter>Header Files</Filter>
    </ClInclude>
    <ClInclude Include="Actor.hpp">
      <Filter>Header Files</Filter>
    </ClInclude>
    <ClInclude Include="AudioComponent.hpp">
      <Filter>Header Files</Filter>
    </ClInclude>
    <ClInclude Include="AudioSystem.hpp">
      <Filter>Header Files</Filter>
    </ClInclude>
    <ClInclude Include="CircleComponent.hpp">
      <Filter>Header Files</Filter>
    </ClInclude>
    <ClInclude Include="Component.hpp">
      <Filter>Header Files</Filter>
    </ClInclude>
    <ClInclude Include="Game.hpp">
      <Filter>Header Files</Filter>
    </ClInclude>
    <ClInclude Include="Math.hpp">
      <Filter>Header Files</Filter>
    </ClInclude>
    <ClInclude Include="Mesh.hpp">
      <Filter>Header Files</Filter>
    </ClInclude>
    <ClInclude Include="MeshComponent.hpp">
      <Filter>Header Files</Filter>
    </ClInclude>
    <ClInclude Include="MoveComponent.hpp">
      <Filter>Header Files</Filter>
    </ClInclude>
    <ClInclude Include="PlaneActor.hpp">
      <Filter>Header Files</Filter>
    </ClInclude>
    <ClInclude Include="Renderer.hpp">
      <Filter>Header Files</Filter>
    </ClInclude>
    <ClInclude Include="Shader.hpp">
      <Filter>Header Files</Filter>
    </ClInclude>
    <ClInclude Include="SoundEvent.hpp">
      <Filter>Header Files</Filter>
    </ClInclude>
    <ClInclude Include="SpriteComponent.hpp">
      <Filter>Header Files</Filter>
    </ClInclude>
    <ClInclude Include="FPSActor.hpp">
      <Filter>Header Files</Filter>
    </ClInclude>
    <ClInclude Include="CameraComponent.hpp">
      <Filter>Header Files</Filter>
    </ClInclude>
    <ClInclude Include="FPSCamera.hpp">
      <Filter>Header Files</Filter>
    </ClInclude>
  </ItemGroup>
  <ItemGroup>
    <ClCompile Include="Actor.cpp">
      <Filter>Source Files</Filter>
    </ClCompile>
    <ClCompile Include="AudioComponent.cpp">
      <Filter>Source Files</Filter>
    </ClCompile>
    <ClCompile Include="AudioSystem.cpp">
      <Filter>Source Files</Filter>
    </ClCompile>
    <ClCompile Include="CircleComponent.cpp">
      <Filter>Source Files</Filter>
    </ClCompile>
    <ClCompile Include="Component.cpp">
      <Filter>Source Files</Filter>
    </ClCompile>
    <ClCompile Include="Game.cpp">
      <Filter>Source Files</Filter>
    </ClCompile>
    <ClCompile Include="Main.cpp">
      <Filter>Source Files</Filter>
    </ClCompile>
    <ClCompile Include="Math.cpp">
      <Filter>Source Files</Filter>
    </ClCompile>
    <ClCompile Include="Mesh.cpp">
      <Filter>Source Files</Filter>
    </ClCompile>
    <ClCompile Include="MeshComponent.cpp">
      <Filter>Source Files</Filter>
    </ClCompile>
    <ClCompile Include="MoveComponent.cpp">
      <Filter>Source Files</Filter>
    </ClCompile>
    <ClCompile Include="PlaneActor.cpp">
      <Filter>Source Files</Filter>
    </ClCompile>
    <ClCompile Include="Renderer.cpp">
      <Filter>Source Files</Filter>
    </ClCompile>
    <ClCompile Include="Shader.cpp">
      <Filter>Source Files</Filter>
    </ClCompile>
    <ClCompile Include="SoundEvent.cpp">
      <Filter>Source Files</Filter>
    </ClCompile>
    <ClCompile Include="SpriteComponent.cpp">
      <Filter>Source Files</Filter>
    </ClCompile>
    <ClCompile Include="Texture.cpp">
      <Filter>Source Files</Filter>
    </ClCompile>
    <ClCompile Include="VertexArray.cpp">
      <Filter>Source Files</Filter>
    </ClCompile>
    <ClCompile Include="FPSActor.cpp">
      <Filter>Source Files</Filter>
    </ClCompile>
    <ClCompile Include="CameraComponent.cpp">
      <Filter>Source Files</Filter>
    </ClCompile>
    <ClCompile Include="FPSCamera.cpp">
      <Filter>Source Files</Filter>
    </ClCompile>
  </ItemGroup>
</Project>